
Microsoft Visual Studio Solution File, Format Version 12.00
# Visual Studio Version 16
VisualStudioVersion = 16.0.30717.126
MinimumVisualStudioVersion = 10.0.40219.1
Project("{9A19103F-16F7-4668-BE54-9A1E7A4F7556}") = "Acara-Web", "Acara-Web\Acara-Web.csproj", "{BB1D521E-3950-4AC1-B7C1-CAB3A442A956}"
EndProject
Project("{9A19103F-16F7-4668-BE54-9A1E7A4F7556}") = "Library-Tabla-Valores", "Library-Tabla-Valores\Library-Tabla-Valores.csproj", "{E9629171-2CCE-4B8C-B8BF-FEED115E314C}"
EndProject
Global
	GlobalSection(SolutionConfigurationPlatforms) = preSolution
		Debug|Any CPU = Debug|Any CPU
		Release|Any CPU = Release|Any CPU
	EndGlobalSection
	GlobalSection(ProjectConfigurationPlatforms) = postSolution
		{BB1D521E-3950-4AC1-B7C1-CAB3A442A956}.Debug|Any CPU.ActiveCfg = Debug|Any CPU
		{BB1D521E-3950-4AC1-B7C1-CAB3A442A956}.Debug|Any CPU.Build.0 = Debug|Any CPU
		{BB1D521E-3950-4AC1-B7C1-CAB3A442A956}.Release|Any CPU.ActiveCfg = Release|Any CPU
		{BB1D521E-3950-4AC1-B7C1-CAB3A442A956}.Release|Any CPU.Build.0 = Release|Any CPU
		{E9629171-2CCE-4B8C-B8BF-FEED115E314C}.Debug|Any CPU.ActiveCfg = Debug|Any CPU
		{E9629171-2CCE-4B8C-B8BF-FEED115E314C}.Debug|Any CPU.Build.0 = Debug|Any CPU
		{E9629171-2CCE-4B8C-B8BF-FEED115E314C}.Release|Any CPU.ActiveCfg = Release|Any CPU
		{E9629171-2CCE-4B8C-B8BF-FEED115E314C}.Release|Any CPU.Build.0 = Release|Any CPU
	EndGlobalSection
	GlobalSection(SolutionProperties) = preSolution
		HideSolutionNode = FALSE
	EndGlobalSection
	GlobalSection(ExtensibilityGlobals) = postSolution
		SolutionGuid = {524299DD-49AE-4878-A393-6F0B2C6B9A72}
	EndGlobalSection
EndGlobal
